
Microsoft Visual Studio Solution File, Format Version 12.00
# Visual Studio Version 17
VisualStudioVersion = 17.5.33516.290
MinimumVisualStudioVersion = 10.0.40219.1
Project("{FAE04EC0-301F-11D3-BF4B-00C04F79EFBC}") = "OrderServices", "OrderServices.csproj", "{B9C8A32B-EEA5-4643-9EFB-37F0EFB657C1}"
EndProject
Global
	GlobalSection(SolutionConfigurationPlatforms) = preSolution
		Debug|Any CPU = Debug|Any CPU
		Release|Any CPU = Release|Any CPU
	EndGlobalSection
	GlobalSection(ProjectConfigurationPlatforms) = postSolution
		{B9C8A32B-EEA5-4643-9EFB-37F0EFB657C1}.Debug|Any CPU.ActiveCfg = Debug|Any CPU
		{B9C8A32B-EEA5-4643-9EFB-37F0EFB657C1}.Debug|Any CPU.Build.0 = Debug|Any CPU
		{B9C8A32B-EEA5-4643-9EFB-37F0EFB657C1}.Release|Any CPU.ActiveCfg = Release|Any CPU
		{B9C8A32B-EEA5-4643-9EFB-37F0EFB657C1}.Release|Any CPU.Build.0 = Release|Any CPU
	EndGlobalSection
	GlobalSection(SolutionProperties) = preSolution
		HideSolutionNode = FALSE
	EndGlobalSection
	GlobalSection(ExtensibilityGlobals) = postSolution
		SolutionGuid = {330663F5-7F1F-4958-87E1-1A0E93ADB1FD}
	EndGlobalSection
EndGlobal
